github.com/Nadim147c/real-go v0.0.0-20251229181134-4cd70385e14b h1:ov/OAbBiL0hNXupnMQHi7CZDasLv0kf63moW5Nrpa9Y=
github.com/Nadim147c/real-go v0.0.0-20251229181134-4cd70385e14b/go.mod h1:1XdFoZE25gVGvLWaqxK01Yq1IVeIRNq/gRweYIwwek8=
github.com/Nadim147c/real-go v0.0.0-20251229181522-be6f6efb079c/go.mod h1:1XdFoZE25gVGvLWaqxK01Yq1IVeIRNq/gRweYIwwek8=
github.com/Nadim147c/real-go v0.0.0-20251230163404-8a7c1596e1af h1:QQlA/liiDZI6nwfSc1W4zNrAX2uIB/z6Q8U/U8qLmlI=
github.com/Nadim147c/real-go v0.0.0-20251230163404-8a7c1596e1af/go.mod h1:1XdFoZE25gVGvLWaqxK01Yq1IVeIRNq/gRweYIwwek8=
